{
  "name": "hoftede.culture.analyze",
  "version": "1.0.0",
  "lockfileVersion": 2,
  "requires": true,
  "packages": {
    "": {
      "name": "hoftede.culture.analyze",
      "version": "1.0.0",
      "license": "ISC"
    }
  },
  "scripts": {
    "start": "node main.js",
    "test": "echo 'test'"
  }
}
